
Microsoft Visual Studio Solution File, Format Version 12.00
# Visual Studio Version 17
VisualStudioVersion = 17.5.33502.453
MinimumVisualStudioVersion = 10.0.40219.1
Project("{8BC9CEB8-8B4A-11D0-8D11-00A0C91BC942}") = "T_OpenCVProj", "T_OpenCVProj.vcxproj", "{D50D18BA-5EAE-4EDC-ABA1-10A49341F3B7}"
EndProject
Global
	GlobalSection(SolutionConfigurationPlatforms) = preSolution
		Debug|x64 = Debug|x64
		Debug|x86 = Debug|x86
		Release|x64 = Release|x64
		Release|x86 = Release|x86
	EndGlobalSection
	GlobalSection(ProjectConfigurationPlatforms) = postSolution
		{D50D18BA-5EAE-4EDC-ABA1-10A49341F3B7}.Debug|x64.ActiveCfg = Debug|x64
		{D50D18BA-5EAE-4EDC-ABA1-10A49341F3B7}.Debug|x64.Build.0 = Debug|x64
		{D50D18BA-5EAE-4EDC-ABA1-10A49341F3B7}.Debug|x86.ActiveCfg = Debug|Win32
		{D50D18BA-5EAE-4EDC-ABA1-10A49341F3B7}.Debug|x86.Build.0 = Debug|Win32
		{D50D18BA-5EAE-4EDC-ABA1-10A49341F3B7}.Release|x64.ActiveCfg = Release|x64
		{D50D18BA-5EAE-4EDC-ABA1-10A49341F3B7}.Release|x64.Build.0 = Release|x64
		{D50D18BA-5EAE-4EDC-ABA1-10A49341F3B7}.Release|x86.ActiveCfg = Release|Win32
		{D50D18BA-5EAE-4EDC-ABA1-10A49341F3B7}.Release|x86.Build.0 = Release|Win32
	EndGlobalSection
	GlobalSection(SolutionProperties) = preSolution
		HideSolutionNode = FALSE
	EndGlobalSection
	GlobalSection(ExtensibilityGlobals) = postSolution
		SolutionGuid = {8CE1520D-9B1F-48D0-8C20-71E9C3281428}
	EndGlobalSection
EndGlobal
